
Microsoft Visual Studio Solution File, Format Version 12.00
# Visual Studio Version 17
VisualStudioVersion = 17.7.34003.232
MinimumVisualStudioVersion = 10.0.40219.1
Project("{FAE04EC0-301F-11D3-BF4B-00C04F79EFBC}") = "GroupGenerator", "GroupGenerator\GroupGenerator.csproj", "{4A9D45F7-42CE-4709-B88F-77FE345FE38E}"
EndProject
Global
	GlobalSection(SolutionConfigurationPlatforms) = preSolution
		Debug|Any CPU = Debug|Any CPU
		Release|Any CPU = Release|Any CPU
	EndGlobalSection
	GlobalSection(ProjectConfigurationPlatforms) = postSolution
		{4A9D45F7-42CE-4709-B88F-77FE345FE38E}.Debug|Any CPU.ActiveCfg = Debug|Any CPU
		{4A9D45F7-42CE-4709-B88F-77FE345FE38E}.Debug|Any CPU.Build.0 = Debug|Any CPU
		{4A9D45F7-42CE-4709-B88F-77FE345FE38E}.Release|Any CPU.ActiveCfg = Release|Any CPU
		{4A9D45F7-42CE-4709-B88F-77FE345FE38E}.Release|Any CPU.Build.0 = Release|Any CPU
	EndGlobalSection
	GlobalSection(SolutionProperties) = preSolution
		HideSolutionNode = FALSE
	EndGlobalSection
	GlobalSection(ExtensibilityGlobals) = postSolution
		SolutionGuid = {B5E5D387-52E6-4272-9C70-BD73229392C4}
	EndGlobalSection
EndGlobal
